// !$*UTF8*$!
{
	archiveVersion = 1;
	classes = {
	};
	objectVersion = 56;
	objects = {

/* Begin PBXBuildFile section */
		1A2B3C4D5E6F700000000001 /* LumenRunApp.swift in Sources */ = {isa = PBXBuildFile; fileRef = 1A2B3C4D5E6F700000000011 /* LumenRunApp.swift */; };
		1A2B3C4D5E6F700000000002 /* ContentView.swift in Sources */ = {isa = PBXBuildFile; fileRef = 1A2B3C4D5E6F700000000012 /* ContentView.swift */; };
		1A2B3C4D5E6F700000000003 /* GameScene.swift in Sources */ = {isa = PBXBuildFile; fileRef = 1A2B3C4D5E6F700000000013 /* GameScene.swift */; };
		1A2B3C4D5E6F700000000004 /* GameState.swift in Sources */ = {isa = PBXBuildFile; fileRef = 1A2B3C4D5E6F700000000014 /* GameState.swift */; };
		1A2B3C4D5E6F700000000005 /* Haptics.swift in Sources */ = {isa = PBXBuildFile; fileRef = 1A2B3C4D5E6F700000000015 /* Haptics.swift */; };
		1A2B3C4D5E6F700000000006 /* Assets.xcassets in Resources */ = {isa = PBXBuildFile; fileRef = 1A2B3C4D5E6F700000000016 /* Assets.xcassets */; };
		1A2B3C4D5E6F700000000007 /* GameTheme.swift in Sources */ = {isa = PBXBuildFile; fileRef = 1A2B3C4D5E6F700000000018 /* GameTheme.swift */; };
		1A2B3C4D5E6F700000000008 /* SoundPlayer.swift in Sources */ = {isa = PBXBuildFile; fileRef = 1A2B3C4D5E6F700000000019 /* SoundPlayer.swift */; };
		1A2B3C4D5E6F700000000009 /* Localizable.strings in Resources */ = {isa = PBXBuildFile; fileRef = 1A2B3C4D5E6F700000000090 /* Localizable.strings */; };
		1A2B3C4D5E6F70000000000A /* InfoPlist.strings in Resources */ = {isa = PBXBuildFile; fileRef = 1A2B3C4D5E6F700000000093 /* InfoPlist.strings */; };
		1A2B3C4D5E6F70000000000B /* Sounds/tap.wav in Resources */ = {isa = PBXBuildFile; fileRef = 1A2B3C4D5E6F700000000096 /* Sounds/tap.wav */; };
		1A2B3C4D5E6F70000000000C /* Sounds/collect.wav in Resources */ = {isa = PBXBuildFile; fileRef = 1A2B3C4D5E6F700000000097 /* Sounds/collect.wav */; };
		1A2B3C4D5E6F70000000000D /* Sounds/fail.wav in Resources */ = {isa = PBXBuildFile; fileRef = 1A2B3C4D5E6F700000000098 /* Sounds/fail.wav */; };
		1A2B3C4D5E6F70000000000E /* PrivacyInfo.xcprivacy in Resources */ = {isa = PBXBuildFile; fileRef = 1A2B3C4D5E6F700000000099 /* PrivacyInfo.xcprivacy */; };
		1A2B3C4D5E6F7000000000A0 /* Sounds/background.wav in Resources */ = {isa = PBXBuildFile; fileRef = 1A2B3C4D5E6F7000000000A1 /* Sounds/background.wav */; };
		1A2B3C4D5E6F7000000000B0 /* Sounds/lumen.wav in Resources */ = {isa = PBXBuildFile; fileRef = 1A2B3C4D5E6F7000000000C0 /* Sounds/lumen.wav */; };
		1A2B3C4D5E6F7000000000B1 /* Sounds/shield.wav in Resources */ = {isa = PBXBuildFile; fileRef = 1A2B3C4D5E6F7000000000C1 /* Sounds/shield.wav */; };
		1A2B3C4D5E6F7000000000B2 /* Sounds/timecore.wav in Resources */ = {isa = PBXBuildFile; fileRef = 1A2B3C4D5E6F7000000000C2 /* Sounds/timecore.wav */; };
		1A2B3C4D5E6F7000000000B3 /* Sounds/crash.wav in Resources */ = {isa = PBXBuildFile; fileRef = 1A2B3C4D5E6F7000000000C3 /* Sounds/crash.wav */; };
		1A2B3C4D5E6F7000000000B4 /* Sounds/shieldbreak.wav in Resources */ = {isa = PBXBuildFile; fileRef = 1A2B3C4D5E6F7000000000C4 /* Sounds/shieldbreak.wav */; };
		1A2B3C4D5E6F7000000000B5 /* Sounds/fever.wav in Resources */ = {isa = PBXBuildFile; fileRef = 1A2B3C4D5E6F7000000000C5 /* Sounds/fever.wav */; };
		1A2B3C4D5E6F7000000000B6 /* Sounds/feverloop.wav in Resources */ = {isa = PBXBuildFile; fileRef = 1A2B3C4D5E6F7000000000C6 /* Sounds/feverloop.wav */; };
		1A2B3C4D5E6F7000000000B7 /* GameCenterManager.swift in Sources */ = {isa = PBXBuildFile; fileRef = 1A2B3C4D5E6F7000000000C7 /* GameCenterManager.swift */; };
/* End PBXBuildFile section */

/* Begin PBXFileReference section */
		1A2B3C4D5E6F700000000010 /* LumenRun.app */ = {isa = PBXFileReference; explicitFileType = wrapper.application; includeInIndex = 0; path = LumenRun.app; sourceTree = BUILT_PRODUCTS_DIR; };
		1A2B3C4D5E6F700000000011 /* LumenRunApp.swift */ = {isa = PBXFileReference; lastKnownFileType = sourcecode.swift; path = LumenRunApp.swift; sourceTree = "<group>"; };
		1A2B3C4D5E6F700000000012 /* ContentView.swift */ = {isa = PBXFileReference; lastKnownFileType = sourcecode.swift; path = ContentView.swift; sourceTree = "<group>"; };
		1A2B3C4D5E6F700000000013 /* GameScene.swift */ = {isa = PBXFileReference; lastKnownFileType = sourcecode.swift; path = GameScene.swift; sourceTree = "<group>"; };
		1A2B3C4D5E6F700000000014 /* GameState.swift */ = {isa = PBXFileReference; lastKnownFileType = sourcecode.swift; path = GameState.swift; sourceTree = "<group>"; };
		1A2B3C4D5E6F700000000015 /* Haptics.swift */ = {isa = PBXFileReference; lastKnownFileType = sourcecode.swift; path = Haptics.swift; sourceTree = "<group>"; };
		1A2B3C4D5E6F700000000016 /* Assets.xcassets */ = {isa = PBXFileReference; lastKnownFileType = folder.assetcatalog; path = Assets.xcassets; sourceTree = "<group>"; };
		1A2B3C4D5E6F700000000017 /* Info.plist */ = {isa = PBXFileReference; lastKnownFileType = text.plist.xml; path = Info.plist; sourceTree = "<group>"; };
		1A2B3C4D5E6F700000000018 /* GameTheme.swift */ = {isa = PBXFileReference; lastKnownFileType = sourcecode.swift; path = GameTheme.swift; sourceTree = "<group>"; };
		1A2B3C4D5E6F700000000019 /* SoundPlayer.swift */ = {isa = PBXFileReference; lastKnownFileType = sourcecode.swift; path = SoundPlayer.swift; sourceTree = "<group>"; };
		1A2B3C4D5E6F700000000091 /* en */ = {isa = PBXFileReference; lastKnownFileType = text.plist.strings; name = en; path = en.lproj/Localizable.strings; sourceTree = "<group>"; };
		1A2B3C4D5E6F700000000092 /* ko */ = {isa = PBXFileReference; lastKnownFileType = text.plist.strings; name = ko; path = ko.lproj/Localizable.strings; sourceTree = "<group>"; };
		1A2B3C4D5E6F700000000094 /* en */ = {isa = PBXFileReference; lastKnownFileType = text.plist.strings; name = en; path = en.lproj/InfoPlist.strings; sourceTree = "<group>"; };
		1A2B3C4D5E6F700000000095 /* ko */ = {isa = PBXFileReference; lastKnownFileType = text.plist.strings; name = ko; path = ko.lproj/InfoPlist.strings; sourceTree = "<group>"; };
		1A2B3C4D5E6F700000000096 /* Sounds/tap.wav */ = {isa = PBXFileReference; lastKnownFileType = audio.wav; path = Sounds/tap.wav; sourceTree = "<group>"; };
		1A2B3C4D5E6F700000000097 /* Sounds/collect.wav */ = {isa = PBXFileReference; lastKnownFileType = audio.wav; path = Sounds/collect.wav; sourceTree = "<group>"; };
		1A2B3C4D5E6F700000000098 /* Sounds/fail.wav */ = {isa = PBXFileReference; lastKnownFileType = audio.wav; path = Sounds/fail.wav; sourceTree = "<group>"; };
		1A2B3C4D5E6F700000000099 /* PrivacyInfo.xcprivacy */ = {isa = PBXFileReference; lastKnownFileType = text.xml; path = PrivacyInfo.xcprivacy; sourceTree = "<group>"; };
		1A2B3C4D5E6F7000000000A1 /* Sounds/background.wav */ = {isa = PBXFileReference; lastKnownFileType = audio.wav; path = Sounds/background.wav; sourceTree = "<group>"; };
		1A2B3C4D5E6F7000000000C0 /* Sounds/lumen.wav */ = {isa = PBXFileReference; lastKnownFileType = audio.wav; path = Sounds/lumen.wav; sourceTree = "<group>"; };
		1A2B3C4D5E6F7000000000C1 /* Sounds/shield.wav */ = {isa = PBXFileReference; lastKnownFileType = audio.wav; path = Sounds/shield.wav; sourceTree = "<group>"; };
		1A2B3C4D5E6F7000000000C2 /* Sounds/timecore.wav */ = {isa = PBXFileReference; lastKnownFileType = audio.wav; path = Sounds/timecore.wav; sourceTree = "<group>"; };
		1A2B3C4D5E6F7000000000C3 /* Sounds/crash.wav */ = {isa = PBXFileReference; lastKnownFileType = audio.wav; path = Sounds/crash.wav; sourceTree = "<group>"; };
		1A2B3C4D5E6F7000000000C4 /* Sounds/shieldbreak.wav */ = {isa = PBXFileReference; lastKnownFileType = audio.wav; path = Sounds/shieldbreak.wav; sourceTree = "<group>"; };
		1A2B3C4D5E6F7000000000C5 /* Sounds/fever.wav */ = {isa = PBXFileReference; lastKnownFileType = audio.wav; path = Sounds/fever.wav; sourceTree = "<group>"; };
		1A2B3C4D5E6F7000000000C6 /* Sounds/feverloop.wav */ = {isa = PBXFileReference; lastKnownFileType = audio.wav; path = Sounds/feverloop.wav; sourceTree = "<group>"; };
		1A2B3C4D5E6F7000000000C7 /* GameCenterManager.swift */ = {isa = PBXFileReference; lastKnownFileType = sourcecode.swift; path = GameCenterManager.swift; sourceTree = "<group>"; };
		92A4C8CC2FB82FDD00F14687 /* LumenRun.entitlements */ = {isa = PBXFileReference; lastKnownFileType = text.plist.entitlements; path = LumenRun.entitlements; sourceTree = "<group>"; };
/* End PBXFileReference section */

/* Begin PBXFrameworksBuildPhase section */
		1A2B3C4D5E6F700000000020 /* Frameworks */ = {
			isa = PBXFrameworksBuildPhase;
			buildActionMask = 2147483647;
			files = (
			);
			runOnlyForDeploymentPostprocessing = 0;
		};
/* End PBXFrameworksBuildPhase section */

/* Begin PBXGroup section */
		1A2B3C4D5E6F700000000030 = {
			isa = PBXGroup;
			children = (
				1A2B3C4D5E6F700000000031 /* LumenRun */,
				1A2B3C4D5E6F700000000032 /* Products */,
			);
			sourceTree = "<group>";
		};
		1A2B3C4D5E6F700000000031 /* LumenRun */ = {
			isa = PBXGroup;
			children = (
				92A4C8CC2FB82FDD00F14687 /* LumenRun.entitlements */,
				1A2B3C4D5E6F700000000011 /* LumenRunApp.swift */,
				1A2B3C4D5E6F700000000012 /* ContentView.swift */,
				1A2B3C4D5E6F700000000013 /* GameScene.swift */,
				1A2B3C4D5E6F700000000014 /* GameState.swift */,
				1A2B3C4D5E6F700000000018 /* GameTheme.swift */,
				1A2B3C4D5E6F7000000000C7 /* GameCenterManager.swift */,
				1A2B3C4D5E6F700000000015 /* Haptics.swift */,
				1A2B3C4D5E6F700000000019 /* SoundPlayer.swift */,
				1A2B3C4D5E6F700000000016 /* Assets.xcassets */,
				1A2B3C4D5E6F700000000090 /* Localizable.strings */,
				1A2B3C4D5E6F700000000093 /* InfoPlist.strings */,
				1A2B3C4D5E6F700000000096 /* Sounds/tap.wav */,
				1A2B3C4D5E6F700000000097 /* Sounds/collect.wav */,
				1A2B3C4D5E6F700000000098 /* Sounds/fail.wav */,
				1A2B3C4D5E6F7000000000A1 /* Sounds/background.wav */,
				1A2B3C4D5E6F7000000000C0 /* Sounds/lumen.wav */,
				1A2B3C4D5E6F7000000000C1 /* Sounds/shield.wav */,
				1A2B3C4D5E6F7000000000C2 /* Sounds/timecore.wav */,
				1A2B3C4D5E6F7000000000C3 /* Sounds/crash.wav */,
				1A2B3C4D5E6F7000000000C4 /* Sounds/shieldbreak.wav */,
				1A2B3C4D5E6F7000000000C5 /* Sounds/fever.wav */,
				1A2B3C4D5E6F7000000000C6 /* Sounds/feverloop.wav */,
				1A2B3C4D5E6F700000000099 /* PrivacyInfo.xcprivacy */,
				1A2B3C4D5E6F700000000017 /* Info.plist */,
			);
			path = LumenRun;
			sourceTree = "<group>";
		};
		1A2B3C4D5E6F700000000032 /* Products */ = {
			isa = PBXGroup;
			children = (
				1A2B3C4D5E6F700000000010 /* LumenRun.app */,
			);
			name = Products;
			sourceTree = "<group>";
		};
/* End PBXGroup section */

/* Begin PBXNativeTarget section */
		1A2B3C4D5E6F700000000040 /* LumenRun */ = {
			isa = PBXNativeTarget;
			buildConfigurationList = 1A2B3C4D5E6F700000000080 /* Build configuration list for PBXNativeTarget "LumenRun" */;
			buildPhases = (
				1A2B3C4D5E6F700000000050 /* Sources */,
				1A2B3C4D5E6F700000000020 /* Frameworks */,
				1A2B3C4D5E6F700000000060 /* Resources */,
			);
			buildRules = (
			);
			dependencies = (
			);
			name = LumenRun;
			productName = LumenRun;
			productReference = 1A2B3C4D5E6F700000000010 /* LumenRun.app */;
			productType = "com.apple.product-type.application";
		};
/* End PBXNativeTarget section */

/* Begin PBXProject section */
		1A2B3C4D5E6F700000000070 /* Project object */ = {
			isa = PBXProject;
			attributes = {
				BuildIndependentTargetsInParallel = 1;
				LastSwiftUpdateCheck = 1530;
				LastUpgradeCheck = 1530;
				TargetAttributes = {
					1A2B3C4D5E6F700000000040 = {
						CreatedOnToolsVersion = 15.3;
					};
				};
			};
			buildConfigurationList = 1A2B3C4D5E6F700000000071 /* Build configuration list for PBXProject "LumenRun" */;
			compatibilityVersion = "Xcode 14.0";
			developmentRegion = en;
			hasScannedForEncodings = 0;
			knownRegions = (
				en,
				ko,
				Base,
			);
			mainGroup = 1A2B3C4D5E6F700000000030;
			productRefGroup = 1A2B3C4D5E6F700000000032 /* Products */;
			projectDirPath = "";
			projectRoot = "";
			targets = (
				1A2B3C4D5E6F700000000040 /* LumenRun */,
			);
		};
/* End PBXProject section */

/* Begin PBXResourcesBuildPhase section */
		1A2B3C4D5E6F700000000060 /* Resources */ = {
			isa = PBXResourcesBuildPhase;
			buildActionMask = 2147483647;
			files = (
				1A2B3C4D5E6F700000000006 /* Assets.xcassets in Resources */,
				1A2B3C4D5E6F700000000009 /* Localizable.strings in Resources */,
				1A2B3C4D5E6F70000000000A /* InfoPlist.strings in Resources */,
				1A2B3C4D5E6F70000000000B /* Sounds/tap.wav in Resources */,
				1A2B3C4D5E6F70000000000C /* Sounds/collect.wav in Resources */,
				1A2B3C4D5E6F70000000000D /* Sounds/fail.wav in Resources */,
				1A2B3C4D5E6F7000000000A0 /* Sounds/background.wav in Resources */,
				1A2B3C4D5E6F7000000000B0 /* Sounds/lumen.wav in Resources */,
				1A2B3C4D5E6F7000000000B1 /* Sounds/shield.wav in Resources */,
				1A2B3C4D5E6F7000000000B2 /* Sounds/timecore.wav in Resources */,
				1A2B3C4D5E6F7000000000B3 /* Sounds/crash.wav in Resources */,
				1A2B3C4D5E6F7000000000B4 /* Sounds/shieldbreak.wav in Resources */,
				1A2B3C4D5E6F7000000000B5 /* Sounds/fever.wav in Resources */,
				1A2B3C4D5E6F7000000000B6 /* Sounds/feverloop.wav in Resources */,
				1A2B3C4D5E6F70000000000E /* PrivacyInfo.xcprivacy in Resources */,
			);
			runOnlyForDeploymentPostprocessing = 0;
		};
/* End PBXResourcesBuildPhase section */

/* Begin PBXSourcesBuildPhase section */
		1A2B3C4D5E6F700000000050 /* Sources */ = {
			isa = PBXSourcesBuildPhase;
			buildActionMask = 2147483647;
			files = (
				1A2B3C4D5E6F700000000001 /* LumenRunApp.swift in Sources */,
				1A2B3C4D5E6F700000000002 /* ContentView.swift in Sources */,
				1A2B3C4D5E6F700000000003 /* GameScene.swift in Sources */,
				1A2B3C4D5E6F700000000004 /* GameState.swift in Sources */,
				1A2B3C4D5E6F700000000007 /* GameTheme.swift in Sources */,
				1A2B3C4D5E6F7000000000B7 /* GameCenterManager.swift in Sources */,
				1A2B3C4D5E6F700000000005 /* Haptics.swift in Sources */,
				1A2B3C4D5E6F700000000008 /* SoundPlayer.swift in Sources */,
			);
			runOnlyForDeploymentPostprocessing = 0;
		};
/* End PBXSourcesBuildPhase section */

/* Begin PBXVariantGroup section */
		1A2B3C4D5E6F700000000090 /* Localizable.strings */ = {
			isa = PBXVariantGroup;
			children = (
				1A2B3C4D5E6F700000000091 /* en */,
				1A2B3C4D5E6F700000000092 /* ko */,
			);
			name = Localizable.strings;
			sourceTree = "<group>";
		};
		1A2B3C4D5E6F700000000093 /* InfoPlist.strings */ = {
			isa = PBXVariantGroup;
			children = (
				1A2B3C4D5E6F700000000094 /* en */,
				1A2B3C4D5E6F700000000095 /* ko */,
			);
			name = InfoPlist.strings;
			sourceTree = "<group>";
		};
/* End PBXVariantGroup section */

/* Begin XCBuildConfiguration section */
		1A2B3C4D5E6F700000000072 /* Debug */ = {
			isa = XCBuildConfiguration;
			buildSettings = {
				ALWAYS_SEARCH_USER_PATHS = NO;
				CLANG_ANALYZER_NONNULL = YES;
				CLANG_ANALYZER_NUMBER_OBJECT_CONVERSION = YES_AGGRESSIVE;
				CLANG_CXX_LANGUAGE_STANDARD = "gnu++20";
				CLANG_ENABLE_MODULES = YES;
				CLANG_ENABLE_OBJC_ARC = YES;
				CLANG_ENABLE_OBJC_WEAK = YES;
				CLANG_WARN_BLOCK_CAPTURE_AUTORELEASING = YES;
				CLANG_WARN_BOOL_CONVERSION = YES;
				CLANG_WARN_COMMA = YES;
				CLANG_WARN_CONSTANT_CONVERSION = YES;
				CLANG_WARN_DEPRECATED_OBJC_IMPLEMENTATIONS = YES;
				CLANG_WARN_DIRECT_OBJC_ISA_USAGE = YES_ERROR;
				CLANG_WARN_DOCUMENTATION_COMMENTS = YES;
				CLANG_WARN_EMPTY_BODY = YES;
				CLANG_WARN_ENUM_CONVERSION = YES;
				CLANG_WARN_INFINITE_RECURSION = YES;
				CLANG_WARN_INT_CONVERSION = YES;
				CLANG_WARN_NON_LITERAL_NULL_CONVERSION = YES;
				CLANG_WARN_OBJC_IMPLICIT_RETAIN_SELF = YES;
				CLANG_WARN_OBJC_LITERAL_CONVERSION = YES;
				CLANG_WARN_OBJC_ROOT_CLASS = YES_ERROR;
				CLANG_WARN_QUOTED_INCLUDE_IN_FRAMEWORK_HEADER = YES;
				CLANG_WARN_RANGE_LOOP_ANALYSIS = YES;
				CLANG_WARN_STRICT_PROTOTYPES = YES;
				CLANG_WARN_SUSPICIOUS_MOVE = YES;
				CLANG_WARN_UNGUARDED_AVAILABILITY = YES_AGGRESSIVE;
				CLANG_WARN_UNREACHABLE_CODE = YES;
				CLANG_WARN__DUPLICATE_METHOD_MATCH = YES;
				COPY_PHASE_STRIP = NO;
				DEBUG_INFORMATION_FORMAT = dwarf;
				ENABLE_STRICT_OBJC_MSGSEND = YES;
				ENABLE_TESTABILITY = YES;
				ENABLE_USER_SCRIPT_SANDBOXING = YES;
				GCC_C_LANGUAGE_STANDARD = gnu17;
				GCC_DYNAMIC_NO_PIC = NO;
				GCC_NO_COMMON_BLOCKS = YES;
				GCC_OPTIMIZATION_LEVEL = 0;
				GCC_PREPROCESSOR_DEFINITIONS = (
					"DEBUG=1",
					"$(inherited)",
				);
				GCC_WARN_64_TO_32_BIT_CONVERSION = YES;
				GCC_WARN_ABOUT_RETURN_TYPE = YES_ERROR;
				GCC_WARN_UNDECLARED_SELECTOR = YES;
				GCC_WARN_UNINITIALIZED_AUTOS = YES_AGGRESSIVE;
				GCC_WARN_UNUSED_FUNCTION = YES;
				GCC_WARN_UNUSED_VARIABLE = YES;
				IPHONEOS_DEPLOYMENT_TARGET = 17.0;
				MTL_ENABLE_DEBUG_INFO = INCLUDE_SOURCE;
				MTL_FAST_MATH = YES;
				ONLY_ACTIVE_ARCH = YES;
				SDKROOT = iphoneos;
				SWIFT_ACTIVE_COMPILATION_CONDITIONS = DEBUG;
				SWIFT_OPTIMIZATION_LEVEL = "-Onone";
			};
			name = Debug;
		};
		1A2B3C4D5E6F700000000073 /* Release */ = {
			isa = XCBuildConfiguration;
			buildSettings = {
				ALWAYS_SEARCH_USER_PATHS = NO;
				CLANG_ANALYZER_NONNULL = YES;
				CLANG_ANALYZER_NUMBER_OBJECT_CONVERSION = YES_AGGRESSIVE;
				CLANG_CXX_LANGUAGE_STANDARD = "gnu++20";
				CLANG_ENABLE_MODULES = YES;
				CLANG_ENABLE_OBJC_ARC = YES;
				CLANG_ENABLE_OBJC_WEAK = YES;
				CLANG_WARN_BLOCK_CAPTURE_AUTORELEASING = YES;
				CLANG_WARN_BOOL_CONVERSION = YES;
				CLANG_WARN_COMMA = YES;
				CLANG_WARN_CONSTANT_CONVERSION = YES;
				CLANG_WARN_DEPRECATED_OBJC_IMPLEMENTATIONS = YES;
				CLANG_WARN_DIRECT_OBJC_ISA_USAGE = YES_ERROR;
				CLANG_WARN_DOCUMENTATION_COMMENTS = YES;
				CLANG_WARN_EMPTY_BODY = YES;
				CLANG_WARN_ENUM_CONVERSION = YES;
				CLANG_WARN_INFINITE_RECURSION = YES;
				CLANG_WARN_INT_CONVERSION = YES;
				CLANG_WARN_NON_LITERAL_NULL_CONVERSION = YES;
				CLANG_WARN_OBJC_IMPLICIT_RETAIN_SELF = YES;
				CLANG_WARN_OBJC_LITERAL_CONVERSION = YES;
				CLANG_WARN_OBJC_ROOT_CLASS = YES_ERROR;
				CLANG_WARN_QUOTED_INCLUDE_IN_FRAMEWORK_HEADER = YES;
				CLANG_WARN_RANGE_LOOP_ANALYSIS = YES;
				CLANG_WARN_STRICT_PROTOTYPES = YES;
				CLANG_WARN_SUSPICIOUS_MOVE = YES;
				CLANG_WARN_UNGUARDED_AVAILABILITY = YES_AGGRESSIVE;
				CLANG_WARN_UNREACHABLE_CODE = YES;
				CLANG_WARN__DUPLICATE_METHOD_MATCH = YES;
				COPY_PHASE_STRIP = NO;
				DEBUG_INFORMATION_FORMAT = "dwarf-with-dsym";
				ENABLE_NS_ASSERTIONS = NO;
				ENABLE_STRICT_OBJC_MSGSEND = YES;
				ENABLE_USER_SCRIPT_SANDBOXING = YES;
				GCC_C_LANGUAGE_STANDARD = gnu17;
				GCC_NO_COMMON_BLOCKS = YES;
				GCC_WARN_64_TO_32_BIT_CONVERSION = YES;
				GCC_WARN_ABOUT_RETURN_TYPE = YES_ERROR;
				GCC_WARN_UNDECLARED_SELECTOR = YES;
				GCC_WARN_UNINITIALIZED_AUTOS = YES_AGGRESSIVE;
				GCC_WARN_UNUSED_FUNCTION = YES;
				GCC_WARN_UNUSED_VARIABLE = YES;
				IPHONEOS_DEPLOYMENT_TARGET = 17.0;
				MTL_ENABLE_DEBUG_INFO = NO;
				MTL_FAST_MATH = YES;
				SDKROOT = iphoneos;
				SWIFT_COMPILATION_MODE = wholemodule;
				VALIDATE_PRODUCT = YES;
			};
			name = Release;
		};
		1A2B3C4D5E6F700000000081 /* Debug */ = {
			isa = XCBuildConfiguration;
			buildSettings = {
				ASSETCATALOG_COMPILER_APPICON_NAME = AppIcon;
				CODE_SIGN_ENTITLEMENTS = LumenRun/LumenRun.entitlements;
				CODE_SIGN_STYLE = Automatic;
				CURRENT_PROJECT_VERSION = 1;
				DEVELOPMENT_ASSET_PATHS = "";
				DEVELOPMENT_TEAM = MV9R6VKCJA;
				ENABLE_PREVIEWS = YES;
				GENERATE_INFOPLIST_FILE = NO;
				INFOPLIST_FILE = LumenRun/Info.plist;
				IPHONEOS_DEPLOYMENT_TARGET = 17.0;
				MARKETING_VERSION = 1.0;
				PRODUCT_BUNDLE_IDENTIFIER = com.junpacstudio.lumenrun;
				PRODUCT_NAME = "$(TARGET_NAME)";
				SWIFT_EMIT_LOC_STRINGS = YES;
				SWIFT_VERSION = 5.0;
				TARGETED_DEVICE_FAMILY = "1,2";
			};
			name = Debug;
		};
		1A2B3C4D5E6F700000000082 /* Release */ = {
			isa = XCBuildConfiguration;
			buildSettings = {
				ASSETCATALOG_COMPILER_APPICON_NAME = AppIcon;
				CODE_SIGN_ENTITLEMENTS = LumenRun/LumenRun.entitlements;
				CODE_SIGN_STYLE = Automatic;
				CURRENT_PROJECT_VERSION = 1;
				DEVELOPMENT_ASSET_PATHS = "";
				DEVELOPMENT_TEAM = MV9R6VKCJA;
				ENABLE_PREVIEWS = YES;
				GENERATE_INFOPLIST_FILE = NO;
				INFOPLIST_FILE = LumenRun/Info.plist;
				IPHONEOS_DEPLOYMENT_TARGET = 17.0;
				MARKETING_VERSION = 1.0;
				PRODUCT_BUNDLE_IDENTIFIER = com.junpacstudio.lumenrun;
				PRODUCT_NAME = "$(TARGET_NAME)";
				SWIFT_EMIT_LOC_STRINGS = YES;
				SWIFT_VERSION = 5.0;
				TARGETED_DEVICE_FAMILY = "1,2";
			};
			name = Release;
		};
/* End XCBuildConfiguration section */

/* Begin XCConfigurationList section */
		1A2B3C4D5E6F700000000071 /* Build configuration list for PBXProject "LumenRun" */ = {
			isa = XCConfigurationList;
			buildConfigurations = (
				1A2B3C4D5E6F700000000072 /* Debug */,
				1A2B3C4D5E6F700000000073 /* Release */,
			);
			defaultConfigurationIsVisible = 0;
			defaultConfigurationName = Release;
		};
		1A2B3C4D5E6F700000000080 /* Build configuration list for PBXNativeTarget "LumenRun" */ = {
			isa = XCConfigurationList;
			buildConfigurations = (
				1A2B3C4D5E6F700000000081 /* Debug */,
				1A2B3C4D5E6F700000000082 /* Release */,
			);
			defaultConfigurationIsVisible = 0;
			defaultConfigurationName = Release;
		};
/* End XCConfigurationList section */
	};
	rootObject = 1A2B3C4D5E6F700000000070 /* Project object */;
}
